
Microsoft Visual Studio Solution File, Format Version 11.00
# Visual Studio 2010
Project("{FAE04EC0-301F-11D3-BF4B-00C04F79EFBC}") = "Assembly-CSharp", "Assembly-CSharp.csproj", "{75acc529-4364-42f2-0752-a691688fd2ca}"
EndProject
Project("{FAE04EC0-301F-11D3-BF4B-00C04F79EFBC}") = "Assembly-CSharp-Editor", "Assembly-CSharp-Editor.csproj", "{a99ea9d0-a344-78a9-0049-e1d012f9d63c}"
EndProject
Global
	GlobalSection(SolutionConfigurationPlatforms) = preSolution
		Debug|Any CPU = Debug|Any CPU
	EndGlobalSection
	GlobalSection(ProjectConfigurationPlatforms) = postSolution
		{75acc529-4364-42f2-0752-a691688fd2ca}.Debug|Any CPU.ActiveCfg = Debug|Any CPU
		{75acc529-4364-42f2-0752-a691688fd2ca}.Debug|Any CPU.Build.0 = Debug|Any CPU
		{a99ea9d0-a344-78a9-0049-e1d012f9d63c}.Debug|Any CPU.ActiveCfg = Debug|Any CPU
		{a99ea9d0-a344-78a9-0049-e1d012f9d63c}.Debug|Any CPU.Build.0 = Debug|Any CPU
	EndGlobalSection
	GlobalSection(SolutionProperties) = preSolution
		HideSolutionNode = FALSE
	EndGlobalSection
EndGlobal
